
Microsoft Visual Studio Solution File, Format Version 12.00
# Visual Studio Version 17
VisualStudioVersion = 17.8.34330.188
MinimumVisualStudioVersion = 10.0.40219.1
Project("{FAE04EC0-301F-11D3-BF4B-00C04F79EFBC}") = "CRMSampleApp", "CRMSampleApp\CRMSampleApp.csproj", "{31514B13-18AA-423C-B77E-5A73614F3C93}"
EndProject
Global
	GlobalSection(SolutionConfigurationPlatforms) = preSolution
		Debug|Any CPU = Debug|Any CPU
		Release|Any CPU = Release|Any CPU
	EndGlobalSection
	GlobalSection(ProjectConfigurationPlatforms) = postSolution
		{31514B13-18AA-423C-B77E-5A73614F3C93}.Debug|Any CPU.ActiveCfg = Debug|Any CPU
		{31514B13-18AA-423C-B77E-5A73614F3C93}.Debug|Any CPU.Build.0 = Debug|Any CPU
		{31514B13-18AA-423C-B77E-5A73614F3C93}.Release|Any CPU.ActiveCfg = Release|Any CPU
		{31514B13-18AA-423C-B77E-5A73614F3C93}.Release|Any CPU.Build.0 = Release|Any CPU
	EndGlobalSection
	GlobalSection(SolutionProperties) = preSolution
		HideSolutionNode = FALSE
	EndGlobalSection
	GlobalSection(ExtensibilityGlobals) = postSolution
		SolutionGuid = {8A4C6338-1AE8-4E27-9858-6AE30A3D4023}
	EndGlobalSection
EndGlobal
